
Microsoft Visual Studio Solution File, Format Version 12.00
# Visual Studio 15
VisualStudioVersion = 15.0.27703.2000
MinimumVisualStudioVersion = 10.0.40219.1
Project("{FAE04EC0-301F-11D3-BF4B-00C04F79EFBC}") = "X-SMS", "X-SMS\X-SMS.csproj", "{675BE25A-BBE3-43FD-9607-D7363520AE1D}"
EndProject
Project("{FAE04EC0-301F-11D3-BF4B-00C04F79EFBC}") = "X-SMS-API", "X-SMS-API\X-SMS-API.csproj", "{1D8DC6C7-9ED5-41A1-AB05-B33623571806}"
EndProject
Project("{FAE04EC0-301F-11D3-BF4B-00C04F79EFBC}") = "X-SMS-DAL", "X-SMS-DAL\X-SMS-DAL.csproj", "{764045A0-F04E-438A-8766-5BDD80E4573C}"
EndProject
Project("{FAE04EC0-301F-11D3-BF4B-00C04F79EFBC}") = "X-SMS-REP", "X-SMS-REP\X-SMS-REP.csproj", "{FA564D09-C8C9-4192-A94E-CCC7966CEFBF}"
EndProject
Global
	GlobalSection(SolutionConfigurationPlatforms) = preSolution
		Debug|Any CPU = Debug|Any CPU
		Release|Any CPU = Release|Any CPU
	EndGlobalSection
	GlobalSection(ProjectConfigurationPlatforms) = postSolution
		{675BE25A-BBE3-43FD-9607-D7363520AE1D}.Debug|Any CPU.ActiveCfg = Debug|Any CPU
		{675BE25A-BBE3-43FD-9607-D7363520AE1D}.Debug|Any CPU.Build.0 = Debug|Any CPU
		{675BE25A-BBE3-43FD-9607-D7363520AE1D}.Release|Any CPU.ActiveCfg = Release|Any CPU
		{675BE25A-BBE3-43FD-9607-D7363520AE1D}.Release|Any CPU.Build.0 = Release|Any CPU
		{1D8DC6C7-9ED5-41A1-AB05-B33623571806}.Debug|Any CPU.ActiveCfg = Debug|Any CPU
		{1D8DC6C7-9ED5-41A1-AB05-B33623571806}.Debug|Any CPU.Build.0 = Debug|Any CPU
		{1D8DC6C7-9ED5-41A1-AB05-B33623571806}.Release|Any CPU.ActiveCfg = Release|Any CPU
		{1D8DC6C7-9ED5-41A1-AB05-B33623571806}.Release|Any CPU.Build.0 = Release|Any CPU
		{764045A0-F04E-438A-8766-5BDD80E4573C}.Debug|Any CPU.ActiveCfg = Debug|Any CPU
		{764045A0-F04E-438A-8766-5BDD80E4573C}.Debug|Any CPU.Build.0 = Debug|Any CPU
		{764045A0-F04E-438A-8766-5BDD80E4573C}.Release|Any CPU.ActiveCfg = Release|Any CPU
		{764045A0-F04E-438A-8766-5BDD80E4573C}.Release|Any CPU.Build.0 = Release|Any CPU
		{FA564D09-C8C9-4192-A94E-CCC7966CEFBF}.Debug|Any CPU.ActiveCfg = Debug|Any CPU
		{FA564D09-C8C9-4192-A94E-CCC7966CEFBF}.Debug|Any CPU.Build.0 = Debug|Any CPU
		{FA564D09-C8C9-4192-A94E-CCC7966CEFBF}.Release|Any CPU.ActiveCfg = Release|Any CPU
		{FA564D09-C8C9-4192-A94E-CCC7966CEFBF}.Release|Any CPU.Build.0 = Release|Any CPU
	EndGlobalSection
	GlobalSection(SolutionProperties) = preSolution
		HideSolutionNode = FALSE
	EndGlobalSection
	GlobalSection(ExtensibilityGlobals) = postSolution
		SolutionGuid = {FBC884F8-6397-41D3-9AC4-AD26A05C0E21}
	EndGlobalSection
EndGlobal
